
Microsoft Visual Studio Solution File, Format Version 12.00
# Visual Studio Version 17
VisualStudioVersion = 17.10.35027.167
MinimumVisualStudioVersion = 10.0.40219.1
Project("{FAE04EC0-301F-11D3-BF4B-00C04F79EFBC}") = "ClinicPaymentProject", "ClinicPaymentProject.csproj", "{6E070EAB-D354-4A3E-93AF-8566BBCB1357}"
EndProject
Project("{FAE04EC0-301F-11D3-BF4B-00C04F79EFBC}") = "ClinicPaymentBusinessLayer", "..\ClinicPaymentBusinessLayer\ClinicPaymentBusinessLayer.csproj", "{83DFD388-62E3-4A3D-810D-D4A4B547320C}"
EndProject
Project("{FAE04EC0-301F-11D3-BF4B-00C04F79EFBC}") = "ClinicPaymentDataAccess", "..\ClinicPaymentDataAccess\ClinicPaymentDataAccess.csproj", "{D69C84F6-F4B1-44AD-966B-39AAAE38DFAC}"
EndProject
Global
	GlobalSection(SolutionConfigurationPlatforms) = preSolution
		Debug|Any CPU = Debug|Any CPU
		Release|Any CPU = Release|Any CPU
	EndGlobalSection
	GlobalSection(ProjectConfigurationPlatforms) = postSolution
		{6E070EAB-D354-4A3E-93AF-8566BBCB1357}.Debug|Any CPU.ActiveCfg = Debug|Any CPU
		{6E070EAB-D354-4A3E-93AF-8566BBCB1357}.Debug|Any CPU.Build.0 = Debug|Any CPU
		{6E070EAB-D354-4A3E-93AF-8566BBCB1357}.Release|Any CPU.ActiveCfg = Release|Any CPU
		{6E070EAB-D354-4A3E-93AF-8566BBCB1357}.Release|Any CPU.Build.0 = Release|Any CPU
		{83DFD388-62E3-4A3D-810D-D4A4B547320C}.Debug|Any CPU.ActiveCfg = Debug|Any CPU
		{83DFD388-62E3-4A3D-810D-D4A4B547320C}.Debug|Any CPU.Build.0 = Debug|Any CPU
		{83DFD388-62E3-4A3D-810D-D4A4B547320C}.Release|Any CPU.ActiveCfg = Release|Any CPU
		{83DFD388-62E3-4A3D-810D-D4A4B547320C}.Release|Any CPU.Build.0 = Release|Any CPU
		{D69C84F6-F4B1-44AD-966B-39AAAE38DFAC}.Debug|Any CPU.ActiveCfg = Debug|Any CPU
		{D69C84F6-F4B1-44AD-966B-39AAAE38DFAC}.Debug|Any CPU.Build.0 = Debug|Any CPU
		{D69C84F6-F4B1-44AD-966B-39AAAE38DFAC}.Release|Any CPU.ActiveCfg = Release|Any CPU
		{D69C84F6-F4B1-44AD-966B-39AAAE38DFAC}.Release|Any CPU.Build.0 = Release|Any CPU
	EndGlobalSection
	GlobalSection(SolutionProperties) = preSolution
		HideSolutionNode = FALSE
	EndGlobalSection
	GlobalSection(ExtensibilityGlobals) = postSolution
		SolutionGuid = {292898C6-9AAE-4541-8761-B2D92131BC70}
	EndGlobalSection
EndGlobal
