
Microsoft Visual Studio Solution File, Format Version 12.00
# Visual Studio Version 17
VisualStudioVersion = 17.10.35027.167
MinimumVisualStudioVersion = 10.0.40219.1
Project("{FAE04EC0-301F-11D3-BF4B-00C04F79EFBC}") = "ClinicMedicalRecord", "ClinicMedicalRecord.csproj", "{5E299CC3-8D7E-4266-91AE-12A673D9759E}"
EndProject
Project("{FAE04EC0-301F-11D3-BF4B-00C04F79EFBC}") = "ClinicMedicalRecordBusinessLayer", "..\ClinicMedicalRecordBusinessLayer\ClinicMedicalRecordBusinessLayer.csproj", "{8466DC6C-096D-4A5E-A018-B06DD4C7556F}"
EndProject
Project("{FAE04EC0-301F-11D3-BF4B-00C04F79EFBC}") = "ClinicMedicalRecordDataAcccessLayer", "..\ClinicMedicalRecordDataAcccessLayer\ClinicMedicalRecordDataAcccessLayer.csproj", "{065AE3F8-4BBC-4957-9910-3A3A86663C40}"
EndProject
Global
	GlobalSection(SolutionConfigurationPlatforms) = preSolution
		Debug|Any CPU = Debug|Any CPU
		Release|Any CPU = Release|Any CPU
	EndGlobalSection
	GlobalSection(ProjectConfigurationPlatforms) = postSolution
		{5E299CC3-8D7E-4266-91AE-12A673D9759E}.Debug|Any CPU.ActiveCfg = Debug|Any CPU
		{5E299CC3-8D7E-4266-91AE-12A673D9759E}.Debug|Any CPU.Build.0 = Debug|Any CPU
		{5E299CC3-8D7E-4266-91AE-12A673D9759E}.Release|Any CPU.ActiveCfg = Release|Any CPU
		{5E299CC3-8D7E-4266-91AE-12A673D9759E}.Release|Any CPU.Build.0 = Release|Any CPU
		{8466DC6C-096D-4A5E-A018-B06DD4C7556F}.Debug|Any CPU.ActiveCfg = Debug|Any CPU
		{8466DC6C-096D-4A5E-A018-B06DD4C7556F}.Debug|Any CPU.Build.0 = Debug|Any CPU
		{8466DC6C-096D-4A5E-A018-B06DD4C7556F}.Release|Any CPU.ActiveCfg = Release|Any CPU
		{8466DC6C-096D-4A5E-A018-B06DD4C7556F}.Release|Any CPU.Build.0 = Release|Any CPU
		{065AE3F8-4BBC-4957-9910-3A3A86663C40}.Debug|Any CPU.ActiveCfg = Debug|Any CPU
		{065AE3F8-4BBC-4957-9910-3A3A86663C40}.Debug|Any CPU.Build.0 = Debug|Any CPU
		{065AE3F8-4BBC-4957-9910-3A3A86663C40}.Release|Any CPU.ActiveCfg = Release|Any CPU
		{065AE3F8-4BBC-4957-9910-3A3A86663C40}.Release|Any CPU.Build.0 = Release|Any CPU
	EndGlobalSection
	GlobalSection(SolutionProperties) = preSolution
		HideSolutionNode = FALSE
	EndGlobalSection
	GlobalSection(ExtensibilityGlobals) = postSolution
		SolutionGuid = {45D2FB20-DBE5-4952-A2EE-C671FAE38D6E}
	EndGlobalSection
EndGlobal
